
Microsoft Visual Studio Solution File, Format Version 11.00
# Visual Studio 2010
# SharpDevelop 4.4
Project("{FAE04EC0-301F-11D3-BF4B-00C04F79EFBC}") = "FibonachProj", "FibonachProj\FibonachProj.csproj", "{9B65B079-3ECB-45B0-A8A4-73612A2847BD}"
EndProject
Global
	GlobalSection(SolutionConfigurationPlatforms) = preSolution
		Debug|Any CPU = Debug|Any CPU
		Release|Any CPU = Release|Any CPU
	EndGlobalSection
	GlobalSection(ProjectConfigurationPlatforms) = postSolution
		{9B65B079-3ECB-45B0-A8A4-73612A2847BD}.Debug|Any CPU.Build.0 = Debug|Any CPU
		{9B65B079-3ECB-45B0-A8A4-73612A2847BD}.Debug|Any CPU.ActiveCfg = Debug|Any CPU
		{9B65B079-3ECB-45B0-A8A4-73612A2847BD}.Release|Any CPU.Build.0 = Release|Any CPU
		{9B65B079-3ECB-45B0-A8A4-73612A2847BD}.Release|Any CPU.ActiveCfg = Release|Any CPU
	EndGlobalSection
EndGlobal
